// !$*UTF8*$!
{
	archiveVersion = 1;
	classes = {
	};
	objectVersion = 56;
	objects = {

/* Begin PBXBuildFile section */
		2998E4E92C4E58C0004146C9 /* ToDoAppApp.swift in Sources */ = {isa = PBXBuildFile; fileRef = 2998E4E82C4E58C0004146C9 /* ToDoAppApp.swift */; };
		2998E4EB2C4E58C0004146C9 /* ContentView.swift in Sources */ = {isa = PBXBuildFile; fileRef = 2998E4EA2C4E58C0004146C9 /* ContentView.swift */; };
		2998E4ED2C4E58C0004146C9 /* Item.swift in Sources */ = {isa = PBXBuildFile; fileRef = 2998E4EC2C4E58C0004146C9 /* Item.swift */; };
		2998E4EF2C4E58C3004146C9 /* Assets.xcassets in Resources */ = {isa = PBXBuildFile; fileRef = 2998E4EE2C4E58C3004146C9 /* Assets.xcassets */; };
		2998E4F22C4E58C3004146C9 /* Preview Assets.xcassets in Resources */ = {isa = PBXBuildFile; fileRef = 2998E4F12C4E58C3004146C9 /* Preview Assets.xcassets */; };
		2998E4FC2C4E58C4004146C9 /* ToDoAppTests.swift in Sources */ = {isa = PBXBuildFile; fileRef = 2998E4FB2C4E58C4004146C9 /* ToDoAppTests.swift */; };
		2998E5062C4E58C4004146C9 /* ToDoAppUITests.swift in Sources */ = {isa = PBXBuildFile; fileRef = 2998E5052C4E58C4004146C9 /* ToDoAppUITests.swift */; };
		2998E5082C4E58C4004146C9 /* ToDoAppUITestsLaunchTests.swift in Sources */ = {isa = PBXBuildFile; fileRef = 2998E5072C4E58C4004146C9 /* ToDoAppUITestsLaunchTests.swift */; };
		2998E5172C4E5A9E004146C9 /* Project.swift in Sources */ = {isa = PBXBuildFile; fileRef = 2998E5162C4E5A9E004146C9 /* Project.swift */; };
		2998E51B2C4E5ABA004146C9 /* List.swift in Sources */ = {isa = PBXBuildFile; fileRef = 2998E51A2C4E5ABA004146C9 /* List.swift */; };
		29B40D7C2C4F11BF005F787F /* ProjectEditor.swift in Sources */ = {isa = PBXBuildFile; fileRef = 29B40D7B2C4F11BF005F787F /* ProjectEditor.swift */; };
		29B40D7E2C4F2671005F787F /* ProjectListView.swift in Sources */ = {isa = PBXBuildFile; fileRef = 29B40D7D2C4F2671005F787F /* ProjectListView.swift */; };
		29B40D802C4F29F0005F787F /* ProjectDetailView.swift in Sources */ = {isa = PBXBuildFile; fileRef = 29B40D7F2C4F29F0005F787F /* ProjectDetailView.swift */; };
		29B40D822C4F2C75005F787F /* ListDetailView.swift in Sources */ = {isa = PBXBuildFile; fileRef = 29B40D812C4F2C75005F787F /* ListDetailView.swift */; };
		29B40D862C4F3488005F787F /* ListEditor.swift in Sources */ = {isa = PBXBuildFile; fileRef = 29B40D852C4F3488005F787F /* ListEditor.swift */; };
		29B40D882C4F3C81005F787F /* ItemEditor.swift in Sources */ = {isa = PBXBuildFile; fileRef = 29B40D872C4F3C81005F787F /* ItemEditor.swift */; };
		29B40D8D2C4F5B06005F787F /* TestView.swift in Sources */ = {isa = PBXBuildFile; fileRef = 29B40D8C2C4F5B06005F787F /* TestView.swift */; };
		29B40D8F2C4F5B40005F787F /* Seeds.swift in Sources */ = {isa = PBXBuildFile; fileRef = 29B40D8E2C4F5B40005F787F /* Seeds.swift */; };
		29B40D932C4F6E23005F787F /* ProjectSampleData.swift in Sources */ = {isa = PBXBuildFile; fileRef = 29B40D922C4F6E23005F787F /* ProjectSampleData.swift */; };
		29B40D972C4F6FF5005F787F /* ListSampleData.swift in Sources */ = {isa = PBXBuildFile; fileRef = 29B40D962C4F6FF5005F787F /* ListSampleData.swift */; };
		29B40D992C4F713F005F787F /* ItemSampleData.swift in Sources */ = {isa = PBXBuildFile; fileRef = 29B40D982C4F713F005F787F /* ItemSampleData.swift */; };
		29B40D9D2C4F720A005F787F /* ModelContainerPreview.swift in Sources */ = {isa = PBXBuildFile; fileRef = 29B40D9C2C4F720A005F787F /* ModelContainerPreview.swift */; };
		29B40D9F2C4F726B005F787F /* ModelContainerSetup.swift in Sources */ = {isa = PBXBuildFile; fileRef = 29B40D9E2C4F726B005F787F /* ModelContainerSetup.swift */; };
		29B40DA52C4F84C3005F787F /* ItemDetailView.swift in Sources */ = {isa = PBXBuildFile; fileRef = 29B40DA42C4F84C3005F787F /* ItemDetailView.swift */; };
		29B40DA82C4F89A8005F787F /* AppState.swift in Sources */ = {isa = PBXBuildFile; fileRef = 29B40DA72C4F89A8005F787F /* AppState.swift */; };
/* End PBXBuildFile section */

/* Begin PBXContainerItemProxy section */
		2998E4F82C4E58C4004146C9 /* PBXContainerItemProxy */ = {
			isa = PBXContainerItemProxy;
			containerPortal = 2998E4DD2C4E58C0004146C9 /* Project object */;
			proxyType = 1;
			remoteGlobalIDString = 2998E4E42C4E58C0004146C9;
			remoteInfo = ToDoApp;
		};
		2998E5022C4E58C4004146C9 /* PBXContainerItemProxy */ = {
			isa = PBXContainerItemProxy;
			containerPortal = 2998E4DD2C4E58C0004146C9 /* Project object */;
			proxyType = 1;
			remoteGlobalIDString = 2998E4E42C4E58C0004146C9;
			remoteInfo = ToDoApp;
		};
/* End PBXContainerItemProxy section */

/* Begin PBXFileReference section */
		2998E4E52C4E58C0004146C9 /* ToDoApp.app */ = {isa = PBXFileReference; explicitFileType = wrapper.application; includeInIndex = 0; path = ToDoApp.app; sourceTree = BUILT_PRODUCTS_DIR; };
		2998E4E82C4E58C0004146C9 /* ToDoAppApp.swift */ = {isa = PBXFileReference; lastKnownFileType = sourcecode.swift; path = ToDoAppApp.swift; sourceTree = "<group>"; };
		2998E4EA2C4E58C0004146C9 /* ContentView.swift */ = {isa = PBXFileReference; lastKnownFileType = sourcecode.swift; path = ContentView.swift; sourceTree = "<group>"; };
		2998E4EC2C4E58C0004146C9 /* Item.swift */ = {isa = PBXFileReference; lastKnownFileType = sourcecode.swift; path = Item.swift; sourceTree = "<group>"; };
		2998E4EE2C4E58C3004146C9 /* Assets.xcassets */ = {isa = PBXFileReference; lastKnownFileType = folder.assetcatalog; path = Assets.xcassets; sourceTree = "<group>"; };
		2998E4F12C4E58C3004146C9 /* Preview Assets.xcassets */ = {isa = PBXFileReference; lastKnownFileType = folder.assetcatalog; path = "Preview Assets.xcassets"; sourceTree = "<group>"; };
		2998E4F72C4E58C4004146C9 /* ToDoAppTests.xctest */ = {isa = PBXFileReference; explicitFileType = wrapper.cfbundle; includeInIndex = 0; path = ToDoAppTests.xctest; sourceTree = BUILT_PRODUCTS_DIR; };
		2998E4FB2C4E58C4004146C9 /* ToDoAppTests.swift */ = {isa = PBXFileReference; lastKnownFileType = sourcecode.swift; path = ToDoAppTests.swift; sourceTree = "<group>"; };
		2998E5012C4E58C4004146C9 /* ToDoAppUITests.xctest */ = {isa = PBXFileReference; explicitFileType = wrapper.cfbundle; includeInIndex = 0; path = ToDoAppUITests.xctest; sourceTree = BUILT_PRODUCTS_DIR; };
		2998E5052C4E58C4004146C9 /* ToDoAppUITests.swift */ = {isa = PBXFileReference; lastKnownFileType = sourcecode.swift; path = ToDoAppUITests.swift; sourceTree = "<group>"; };
		2998E5072C4E58C4004146C9 /* ToDoAppUITestsLaunchTests.swift */ = {isa = PBXFileReference; lastKnownFileType = sourcecode.swift; path = ToDoAppUITestsLaunchTests.swift; sourceTree = "<group>"; };
		2998E5162C4E5A9E004146C9 /* Project.swift */ = {isa = PBXFileReference; lastKnownFileType = sourcecode.swift; path = Project.swift; sourceTree = "<group>"; };
		2998E51A2C4E5ABA004146C9 /* List.swift */ = {isa = PBXFileReference; lastKnownFileType = sourcecode.swift; path = List.swift; sourceTree = "<group>"; };
		29B40D7B2C4F11BF005F787F /* ProjectEditor.swift */ = {isa = PBXFileReference; lastKnownFileType = sourcecode.swift; path = ProjectEditor.swift; sourceTree = "<group>"; };
		29B40D7D2C4F2671005F787F /* ProjectListView.swift */ = {isa = PBXFileReference; lastKnownFileType = sourcecode.swift; path = ProjectListView.swift; sourceTree = "<group>"; };
		29B40D7F2C4F29F0005F787F /* ProjectDetailView.swift */ = {isa = PBXFileReference; lastKnownFileType = sourcecode.swift; path = ProjectDetailView.swift; sourceTree = "<group>"; };
		29B40D812C4F2C75005F787F /* ListDetailView.swift */ = {isa = PBXFileReference; lastKnownFileType = sourcecode.swift; path = ListDetailView.swift; sourceTree = "<group>"; };
		29B40D852C4F3488005F787F /* ListEditor.swift */ = {isa = PBXFileReference; lastKnownFileType = sourcecode.swift; path = ListEditor.swift; sourceTree = "<group>"; };
		29B40D872C4F3C81005F787F /* ItemEditor.swift */ = {isa = PBXFileReference; lastKnownFileType = sourcecode.swift; path = ItemEditor.swift; sourceTree = "<group>"; };
		29B40D8C2C4F5B06005F787F /* TestView.swift */ = {isa = PBXFileReference; lastKnownFileType = sourcecode.swift; path = TestView.swift; sourceTree = "<group>"; };
		29B40D8E2C4F5B40005F787F /* Seeds.swift */ = {isa = PBXFileReference; lastKnownFileType = sourcecode.swift; path = Seeds.swift; sourceTree = "<group>"; };
		29B40D922C4F6E23005F787F /* ProjectSampleData.swift */ = {isa = PBXFileReference; lastKnownFileType = sourcecode.swift; path = ProjectSampleData.swift; sourceTree = "<group>"; };
		29B40D962C4F6FF5005F787F /* ListSampleData.swift */ = {isa = PBXFileReference; lastKnownFileType = sourcecode.swift; path = ListSampleData.swift; sourceTree = "<group>"; };
		29B40D982C4F713F005F787F /* ItemSampleData.swift */ = {isa = PBXFileReference; lastKnownFileType = sourcecode.swift; path = ItemSampleData.swift; sourceTree = "<group>"; };
		29B40D9C2C4F720A005F787F /* ModelContainerPreview.swift */ = {isa = PBXFileReference; lastKnownFileType = sourcecode.swift; path = ModelContainerPreview.swift; sourceTree = "<group>"; };
		29B40D9E2C4F726B005F787F /* ModelContainerSetup.swift */ = {isa = PBXFileReference; lastKnownFileType = sourcecode.swift; path = ModelContainerSetup.swift; sourceTree = "<group>"; };
		29B40DA42C4F84C3005F787F /* ItemDetailView.swift */ = {isa = PBXFileReference; fileEncoding = 4; lastKnownFileType = sourcecode.swift; path = ItemDetailView.swift; sourceTree = "<group>"; };
		29B40DA72C4F89A8005F787F /* AppState.swift */ = {isa = PBXFileReference; lastKnownFileType = sourcecode.swift; path = AppState.swift; sourceTree = "<group>"; };
/* End PBXFileReference section */

/* Begin PBXFrameworksBuildPhase section */
		2998E4E22C4E58C0004146C9 /* Frameworks */ = {
			isa = PBXFrameworksBuildPhase;
			buildActionMask = 2147483647;
			files = (
			);
			runOnlyForDeploymentPostprocessing = 0;
		};
		2998E4F42C4E58C4004146C9 /* Frameworks */ = {
			isa = PBXFrameworksBuildPhase;
			buildActionMask = 2147483647;
			files = (
			);
			runOnlyForDeploymentPostprocessing = 0;
		};
		2998E4FE2C4E58C4004146C9 /* Frameworks */ = {
			isa = PBXFrameworksBuildPhase;
			buildActionMask = 2147483647;
			files = (
			);
			runOnlyForDeploymentPostprocessing = 0;
		};
/* End PBXFrameworksBuildPhase section */

/* Begin PBXGroup section */
		2998E4DC2C4E58C0004146C9 = {
			isa = PBXGroup;
			children = (
				2998E4E72C4E58C0004146C9 /* ToDoApp */,
				2998E4FA2C4E58C4004146C9 /* ToDoAppTests */,
				2998E5042C4E58C4004146C9 /* ToDoAppUITests */,
				2998E4E62C4E58C0004146C9 /* Products */,
			);
			sourceTree = "<group>";
		};
		2998E4E62C4E58C0004146C9 /* Products */ = {
			isa = PBXGroup;
			children = (
				2998E4E52C4E58C0004146C9 /* ToDoApp.app */,
				2998E4F72C4E58C4004146C9 /* ToDoAppTests.xctest */,
				2998E5012C4E58C4004146C9 /* ToDoAppUITests.xctest */,
			);
			name = Products;
			sourceTree = "<group>";
		};
		2998E4E72C4E58C0004146C9 /* ToDoApp */ = {
			isa = PBXGroup;
			children = (
				29B40DA62C4F8980005F787F /* ViewModels */,
				29B40D912C4F6DCC005F787F /* SampleData */,
				29B40D902C4F6DB6005F787F /* PreviewHelpers */,
				2998E5152C4E591B004146C9 /* Views */,
				2998E5142C4E5911004146C9 /* Models */,
				2998E4E82C4E58C0004146C9 /* ToDoAppApp.swift */,
				2998E4EE2C4E58C3004146C9 /* Assets.xcassets */,
				2998E4F02C4E58C3004146C9 /* Preview Content */,
			);
			path = ToDoApp;
			sourceTree = "<group>";
		};
		2998E4F02C4E58C3004146C9 /* Preview Content */ = {
			isa = PBXGroup;
			children = (
				2998E4F12C4E58C3004146C9 /* Preview Assets.xcassets */,
			);
			path = "Preview Content";
			sourceTree = "<group>";
		};
		2998E4FA2C4E58C4004146C9 /* ToDoAppTests */ = {
			isa = PBXGroup;
			children = (
				2998E4FB2C4E58C4004146C9 /* ToDoAppTests.swift */,
				29B40D8C2C4F5B06005F787F /* TestView.swift */,
				29B40D8E2C4F5B40005F787F /* Seeds.swift */,
			);
			path = ToDoAppTests;
			sourceTree = "<group>";
		};
		2998E5042C4E58C4004146C9 /* ToDoAppUITests */ = {
			isa = PBXGroup;
			children = (
				2998E5052C4E58C4004146C9 /* ToDoAppUITests.swift */,
				2998E5072C4E58C4004146C9 /* ToDoAppUITestsLaunchTests.swift */,
			);
			path = ToDoAppUITests;
			sourceTree = "<group>";
		};
		2998E5142C4E5911004146C9 /* Models */ = {
			isa = PBXGroup;
			children = (
				2998E5162C4E5A9E004146C9 /* Project.swift */,
				2998E51A2C4E5ABA004146C9 /* List.swift */,
				2998E4EC2C4E58C0004146C9 /* Item.swift */,
			);
			path = Models;
			sourceTree = "<group>";
		};
		2998E5152C4E591B004146C9 /* Views */ = {
			isa = PBXGroup;
			children = (
				2998E4EA2C4E58C0004146C9 /* ContentView.swift */,
				29B40D7D2C4F2671005F787F /* ProjectListView.swift */,
				29B40D7F2C4F29F0005F787F /* ProjectDetailView.swift */,
				29B40D812C4F2C75005F787F /* ListDetailView.swift */,
				29B40DA42C4F84C3005F787F /* ItemDetailView.swift */,
				29B40D7B2C4F11BF005F787F /* ProjectEditor.swift */,
				29B40D852C4F3488005F787F /* ListEditor.swift */,
				29B40D872C4F3C81005F787F /* ItemEditor.swift */,
			);
			path = Views;
			sourceTree = "<group>";
		};
		29B40D902C4F6DB6005F787F /* PreviewHelpers */ = {
			isa = PBXGroup;
			children = (
				29B40D9C2C4F720A005F787F /* ModelContainerPreview.swift */,
				29B40D9E2C4F726B005F787F /* ModelContainerSetup.swift */,
			);
			path = PreviewHelpers;
			sourceTree = "<group>";
		};
		29B40D912C4F6DCC005F787F /* SampleData */ = {
			isa = PBXGroup;
			children = (
				29B40D922C4F6E23005F787F /* ProjectSampleData.swift */,
				29B40D962C4F6FF5005F787F /* ListSampleData.swift */,
				29B40D982C4F713F005F787F /* ItemSampleData.swift */,
			);
			path = SampleData;
			sourceTree = "<group>";
		};
		29B40DA62C4F8980005F787F /* ViewModels */ = {
			isa = PBXGroup;
			children = (
				29B40DA72C4F89A8005F787F /* AppState.swift */,
			);
			path = ViewModels;
			sourceTree = "<group>";
		};
/* End PBXGroup section */

/* Begin PBXNativeTarget section */
		2998E4E42C4E58C0004146C9 /* ToDoApp */ = {
			isa = PBXNativeTarget;
			buildConfigurationList = 2998E50B2C4E58C4004146C9 /* Build configuration list for PBXNativeTarget "ToDoApp" */;
			buildPhases = (
				2998E4E12C4E58C0004146C9 /* Sources */,
				2998E4E22C4E58C0004146C9 /* Frameworks */,
				2998E4E32C4E58C0004146C9 /* Resources */,
			);
			buildRules = (
			);
			dependencies = (
			);
			name = ToDoApp;
			productName = ToDoApp;
			productReference = 2998E4E52C4E58C0004146C9 /* ToDoApp.app */;
			productType = "com.apple.product-type.application";
		};
		2998E4F62C4E58C4004146C9 /* ToDoAppTests */ = {
			isa = PBXNativeTarget;
			buildConfigurationList = 2998E50E2C4E58C4004146C9 /* Build configuration list for PBXNativeTarget "ToDoAppTests" */;
			buildPhases = (
				2998E4F32C4E58C4004146C9 /* Sources */,
				2998E4F42C4E58C4004146C9 /* Frameworks */,
				2998E4F52C4E58C4004146C9 /* Resources */,
			);
			buildRules = (
			);
			dependencies = (
				2998E4F92C4E58C4004146C9 /* PBXTargetDependency */,
			);
			name = ToDoAppTests;
			productName = ToDoAppTests;
			productReference = 2998E4F72C4E58C4004146C9 /* ToDoAppTests.xctest */;
			productType = "com.apple.product-type.bundle.unit-test";
		};
		2998E5002C4E58C4004146C9 /* ToDoAppUITests */ = {
			isa = PBXNativeTarget;
			buildConfigurationList = 2998E5112C4E58C4004146C9 /* Build configuration list for PBXNativeTarget "ToDoAppUITests" */;
			buildPhases = (
				2998E4FD2C4E58C4004146C9 /* Sources */,
				2998E4FE2C4E58C4004146C9 /* Frameworks */,
				2998E4FF2C4E58C4004146C9 /* Resources */,
			);
			buildRules = (
			);
			dependencies = (
				2998E5032C4E58C4004146C9 /* PBXTargetDependency */,
			);
			name = ToDoAppUITests;
			productName = ToDoAppUITests;
			productReference = 2998E5012C4E58C4004146C9 /* ToDoAppUITests.xctest */;
			productType = "com.apple.product-type.bundle.ui-testing";
		};
/* End PBXNativeTarget section */

/* Begin PBXProject section */
		2998E4DD2C4E58C0004146C9 /* Project object */ = {
			isa = PBXProject;
			attributes = {
				BuildIndependentTargetsInParallel = 1;
				LastSwiftUpdateCheck = 1540;
				LastUpgradeCheck = 1540;
				TargetAttributes = {
					2998E4E42C4E58C0004146C9 = {
						CreatedOnToolsVersion = 15.4;
					};
					2998E4F62C4E58C4004146C9 = {
						CreatedOnToolsVersion = 15.4;
						TestTargetID = 2998E4E42C4E58C0004146C9;
					};
					2998E5002C4E58C4004146C9 = {
						CreatedOnToolsVersion = 15.4;
						TestTargetID = 2998E4E42C4E58C0004146C9;
					};
				};
			};
			buildConfigurationList = 2998E4E02C4E58C0004146C9 /* Build configuration list for PBXProject "ToDoApp" */;
			compatibilityVersion = "Xcode 14.0";
			developmentRegion = en;
			hasScannedForEncodings = 0;
			knownRegions = (
				en,
				Base,
			);
			mainGroup = 2998E4DC2C4E58C0004146C9;
			productRefGroup = 2998E4E62C4E58C0004146C9 /* Products */;
			projectDirPath = "";
			projectRoot = "";
			targets = (
				2998E4E42C4E58C0004146C9 /* ToDoApp */,
				2998E4F62C4E58C4004146C9 /* ToDoAppTests */,
				2998E5002C4E58C4004146C9 /* ToDoAppUITests */,
			);
		};
/* End PBXProject section */

/* Begin PBXResourcesBuildPhase section */
		2998E4E32C4E58C0004146C9 /* Resources */ = {
			isa = PBXResourcesBuildPhase;
			buildActionMask = 2147483647;
			files = (
				2998E4F22C4E58C3004146C9 /* Preview Assets.xcassets in Resources */,
				2998E4EF2C4E58C3004146C9 /* Assets.xcassets in Resources */,
			);
			runOnlyForDeploymentPostprocessing = 0;
		};
		2998E4F52C4E58C4004146C9 /* Resources */ = {
			isa = PBXResourcesBuildPhase;
			buildActionMask = 2147483647;
			files = (
			);
			runOnlyForDeploymentPostprocessing = 0;
		};
		2998E4FF2C4E58C4004146C9 /* Resources */ = {
			isa = PBXResourcesBuildPhase;
			buildActionMask = 2147483647;
			files = (
			);
			runOnlyForDeploymentPostprocessing = 0;
		};
/* End PBXResourcesBuildPhase section */

/* Begin PBXSourcesBuildPhase section */
		2998E4E12C4E58C0004146C9 /* Sources */ = {
			isa = PBXSourcesBuildPhase;
			buildActionMask = 2147483647;
			files = (
				29B40D822C4F2C75005F787F /* ListDetailView.swift in Sources */,
				29B40D972C4F6FF5005F787F /* ListSampleData.swift in Sources */,
				29B40D882C4F3C81005F787F /* ItemEditor.swift in Sources */,
				29B40DA82C4F89A8005F787F /* AppState.swift in Sources */,
				2998E4EB2C4E58C0004146C9 /* ContentView.swift in Sources */,
				29B40D802C4F29F0005F787F /* ProjectDetailView.swift in Sources */,
				29B40D9F2C4F726B005F787F /* ModelContainerSetup.swift in Sources */,
				29B40D862C4F3488005F787F /* ListEditor.swift in Sources */,
				2998E4ED2C4E58C0004146C9 /* Item.swift in Sources */,
				29B40DA52C4F84C3005F787F /* ItemDetailView.swift in Sources */,
				2998E4E92C4E58C0004146C9 /* ToDoAppApp.swift in Sources */,
				2998E5172C4E5A9E004146C9 /* Project.swift in Sources */,
				29B40D992C4F713F005F787F /* ItemSampleData.swift in Sources */,
				29B40D7E2C4F2671005F787F /* ProjectListView.swift in Sources */,
				29B40D7C2C4F11BF005F787F /* ProjectEditor.swift in Sources */,
				2998E51B2C4E5ABA004146C9 /* List.swift in Sources */,
				29B40D9D2C4F720A005F787F /* ModelContainerPreview.swift in Sources */,
				29B40D932C4F6E23005F787F /* ProjectSampleData.swift in Sources */,
			);
			runOnlyForDeploymentPostprocessing = 0;
		};
		2998E4F32C4E58C4004146C9 /* Sources */ = {
			isa = PBXSourcesBuildPhase;
			buildActionMask = 2147483647;
			files = (
				29B40D8D2C4F5B06005F787F /* TestView.swift in Sources */,
				2998E4FC2C4E58C4004146C9 /* ToDoAppTests.swift in Sources */,
				29B40D8F2C4F5B40005F787F /* Seeds.swift in Sources */,
			);
			runOnlyForDeploymentPostprocessing = 0;
		};
		2998E4FD2C4E58C4004146C9 /* Sources */ = {
			isa = PBXSourcesBuildPhase;
			buildActionMask = 2147483647;
			files = (
				2998E5082C4E58C4004146C9 /* ToDoAppUITestsLaunchTests.swift in Sources */,
				2998E5062C4E58C4004146C9 /* ToDoAppUITests.swift in Sources */,
			);
			runOnlyForDeploymentPostprocessing = 0;
		};
/* End PBXSourcesBuildPhase section */

/* Begin PBXTargetDependency section */
		2998E4F92C4E58C4004146C9 /* PBXTargetDependency */ = {
			isa = PBXTargetDependency;
			target = 2998E4E42C4E58C0004146C9 /* ToDoApp */;
			targetProxy = 2998E4F82C4E58C4004146C9 /* PBXContainerItemProxy */;
		};
		2998E5032C4E58C4004146C9 /* PBXTargetDependency */ = {
			isa = PBXTargetDependency;
			target = 2998E4E42C4E58C0004146C9 /* ToDoApp */;
			targetProxy = 2998E5022C4E58C4004146C9 /* PBXContainerItemProxy */;
		};
/* End PBXTargetDependency section */

/* Begin XCBuildConfiguration section */
		2998E5092C4E58C4004146C9 /* Debug */ = {
			isa = XCBuildConfiguration;
			buildSettings = {
				ALWAYS_SEARCH_USER_PATHS = NO;
				ASSETCATALOG_COMPILER_GENERATE_SWIFT_ASSET_SYMBOL_EXTENSIONS = YES;
				CLANG_ANALYZER_NONNULL = YES;
				CLANG_ANALYZER_NUMBER_OBJECT_CONVERSION = YES_AGGRESSIVE;
				CLANG_CXX_LANGUAGE_STANDARD = "gnu++20";
				CLANG_ENABLE_MODULES = YES;
				CLANG_ENABLE_OBJC_ARC = YES;
				CLANG_ENABLE_OBJC_WEAK = YES;
				CLANG_WARN_BLOCK_CAPTURE_AUTORELEASING = YES;
				CLANG_WARN_BOOL_CONVERSION = YES;
				CLANG_WARN_COMMA = YES;
				CLANG_WARN_CONSTANT_CONVERSION = YES;
				CLANG_WARN_DEPRECATED_OBJC_IMPLEMENTATIONS = YES;
				CLANG_WARN_DIRECT_OBJC_ISA_USAGE = YES_ERROR;
				CLANG_WARN_DOCUMENTATION_COMMENTS = YES;
				CLANG_WARN_EMPTY_BODY = YES;
				CLANG_WARN_ENUM_CONVERSION = YES;
				CLANG_WARN_INFINITE_RECURSION = YES;
				CLANG_WARN_INT_CONVERSION = YES;
				CLANG_WARN_NON_LITERAL_NULL_CONVERSION = YES;
				CLANG_WARN_OBJC_IMPLICIT_RETAIN_SELF = YES;
				CLANG_WARN_OBJC_LITERAL_CONVERSION = YES;
				CLANG_WARN_OBJC_ROOT_CLASS = YES_ERROR;
				CLANG_WARN_QUOTED_INCLUDE_IN_FRAMEWORK_HEADER = YES;
				CLANG_WARN_RANGE_LOOP_ANALYSIS = YES;
				CLANG_WARN_STRICT_PROTOTYPES = YES;
				CLANG_WARN_SUSPICIOUS_MOVE = YES;
				CLANG_WARN_UNGUARDED_AVAILABILITY = YES_AGGRESSIVE;
				CLANG_WARN_UNREACHABLE_CODE = YES;
				CLANG_WARN__DUPLICATE_METHOD_MATCH = YES;
				COPY_PHASE_STRIP = NO;
				DEBUG_INFORMATION_FORMAT = dwarf;
				ENABLE_STRICT_OBJC_MSGSEND = YES;
				ENABLE_TESTABILITY = YES;
				ENABLE_USER_SCRIPT_SANDBOXING = YES;
				GCC_C_LANGUAGE_STANDARD = gnu17;
				GCC_DYNAMIC_NO_PIC = NO;
				GCC_NO_COMMON_BLOCKS = YES;
				GCC_OPTIMIZATION_LEVEL = 0;
				GCC_PREPROCESSOR_DEFINITIONS = (
					"DEBUG=1",
					"$(inherited)",
				);
				GCC_WARN_64_TO_32_BIT_CONVERSION = YES;
				GCC_WARN_ABOUT_RETURN_TYPE = YES_ERROR;
				GCC_WARN_UNDECLARED_SELECTOR = YES;
				GCC_WARN_UNINITIALIZED_AUTOS = YES_AGGRESSIVE;
				GCC_WARN_UNUSED_FUNCTION = YES;
				GCC_WARN_UNUSED_VARIABLE = YES;
				IPHONEOS_DEPLOYMENT_TARGET = 17.5;
				LOCALIZATION_PREFERS_STRING_CATALOGS = YES;
				MTL_ENABLE_DEBUG_INFO = INCLUDE_SOURCE;
				MTL_FAST_MATH = YES;
				ONLY_ACTIVE_ARCH = YES;
				SDKROOT = iphoneos;
				SWIFT_ACTIVE_COMPILATION_CONDITIONS = "DEBUG $(inherited)";
				SWIFT_OPTIMIZATION_LEVEL = "-Onone";
			};
			name = Debug;
		};
		2998E50A2C4E58C4004146C9 /* Release */ = {
			isa = XCBuildConfiguration;
			buildSettings = {
				ALWAYS_SEARCH_USER_PATHS = NO;
				ASSETCATALOG_COMPILER_GENERATE_SWIFT_ASSET_SYMBOL_EXTENSIONS = YES;
				CLANG_ANALYZER_NONNULL = YES;
				CLANG_ANALYZER_NUMBER_OBJECT_CONVERSION = YES_AGGRESSIVE;
				CLANG_CXX_LANGUAGE_STANDARD = "gnu++20";
				CLANG_ENABLE_MODULES = YES;
				CLANG_ENABLE_OBJC_ARC = YES;
				CLANG_ENABLE_OBJC_WEAK = YES;
				CLANG_WARN_BLOCK_CAPTURE_AUTORELEASING = YES;
				CLANG_WARN_BOOL_CONVERSION = YES;
				CLANG_WARN_COMMA = YES;
				CLANG_WARN_CONSTANT_CONVERSION = YES;
				CLANG_WARN_DEPRECATED_OBJC_IMPLEMENTATIONS = YES;
				CLANG_WARN_DIRECT_OBJC_ISA_USAGE = YES_ERROR;
				CLANG_WARN_DOCUMENTATION_COMMENTS = YES;
				CLANG_WARN_EMPTY_BODY = YES;
				CLANG_WARN_ENUM_CONVERSION = YES;
				CLANG_WARN_INFINITE_RECURSION = YES;
				CLANG_WARN_INT_CONVERSION = YES;
				CLANG_WARN_NON_LITERAL_NULL_CONVERSION = YES;
				CLANG_WARN_OBJC_IMPLICIT_RETAIN_SELF = YES;
				CLANG_WARN_OBJC_LITERAL_CONVERSION = YES;
				CLANG_WARN_OBJC_ROOT_CLASS = YES_ERROR;
				CLANG_WARN_QUOTED_INCLUDE_IN_FRAMEWORK_HEADER = YES;
				CLANG_WARN_RANGE_LOOP_ANALYSIS = YES;
				CLANG_WARN_STRICT_PROTOTYPES = YES;
				CLANG_WARN_SUSPICIOUS_MOVE = YES;
				CLANG_WARN_UNGUARDED_AVAILABILITY = YES_AGGRESSIVE;
				CLANG_WARN_UNREACHABLE_CODE = YES;
				CLANG_WARN__DUPLICATE_METHOD_MATCH = YES;
				COPY_PHASE_STRIP = NO;
				DEBUG_INFORMATION_FORMAT = "dwarf-with-dsym";
				ENABLE_NS_ASSERTIONS = NO;
				ENABLE_STRICT_OBJC_MSGSEND = YES;
				ENABLE_USER_SCRIPT_SANDBOXING = YES;
				GCC_C_LANGUAGE_STANDARD = gnu17;
				GCC_NO_COMMON_BLOCKS = YES;
				GCC_WARN_64_TO_32_BIT_CONVERSION = YES;
				GCC_WARN_ABOUT_RETURN_TYPE = YES_ERROR;
				GCC_WARN_UNDECLARED_SELECTOR = YES;
				GCC_WARN_UNINITIALIZED_AUTOS = YES_AGGRESSIVE;
				GCC_WARN_UNUSED_FUNCTION = YES;
				GCC_WARN_UNUSED_VARIABLE = YES;
				IPHONEOS_DEPLOYMENT_TARGET = 17.5;
				LOCALIZATION_PREFERS_STRING_CATALOGS = YES;
				MTL_ENABLE_DEBUG_INFO = NO;
				MTL_FAST_MATH = YES;
				SDKROOT = iphoneos;
				SWIFT_COMPILATION_MODE = wholemodule;
				VALIDATE_PRODUCT = YES;
			};
			name = Release;
		};
		2998E50C2C4E58C4004146C9 /* Debug */ = {
			isa = XCBuildConfiguration;
			buildSettings = {
				ASSETCATALOG_COMPILER_APPICON_NAME = AppIcon;
				ASSETCATALOG_COMPILER_GLOBAL_ACCENT_COLOR_NAME = AccentColor;
				CODE_SIGN_STYLE = Automatic;
				CURRENT_PROJECT_VERSION = 1;
				DEVELOPMENT_ASSET_PATHS = "\"ToDoApp/Preview Content\"";
				DEVELOPMENT_TEAM = CDR47T3ZRC;
				ENABLE_PREVIEWS = YES;
				GENERATE_INFOPLIST_FILE = YES;
				INFOPLIST_KEY_UIApplicationSceneManifest_Generation = YES;
				INFOPLIST_KEY_UIApplicationSupportsIndirectInputEvents = YES;
				INFOPLIST_KEY_UILaunchScreen_Generation = YES;
				INFOPLIST_KEY_UISupportedInterfaceOrientations_iPad = "UIInterfaceOrientationPortrait UIInterfaceOrientationPortraitUpsideDown UIInterfaceOrientationLandscapeLeft UIInterfaceOrientationLandscapeRight";
				INFOPLIST_KEY_UISupportedInterfaceOrientations_iPhone = "UIInterfaceOrientationPortrait UIInterfaceOrientationLandscapeLeft UIInterfaceOrientationLandscapeRight";
				LD_RUNPATH_SEARCH_PATHS = (
					"$(inherited)",
					"@executable_path/Frameworks",
				);
				MARKETING_VERSION = 1.0;
				PRODUCT_BUNDLE_IDENTIFIER = com.MicroJedi.ToDoApp;
				PRODUCT_NAME = "$(TARGET_NAME)";
				SWIFT_EMIT_LOC_STRINGS = YES;
				SWIFT_VERSION = 5.0;
				TARGETED_DEVICE_FAMILY = "1,2";
			};
			name = Debug;
		};
		2998E50D2C4E58C4004146C9 /* Release */ = {
			isa = XCBuildConfiguration;
			buildSettings = {
				ASSETCATALOG_COMPILER_APPICON_NAME = AppIcon;
				ASSETCATALOG_COMPILER_GLOBAL_ACCENT_COLOR_NAME = AccentColor;
				CODE_SIGN_STYLE = Automatic;
				CURRENT_PROJECT_VERSION = 1;
				DEVELOPMENT_ASSET_PATHS = "\"ToDoApp/Preview Content\"";
				DEVELOPMENT_TEAM = CDR47T3ZRC;
				ENABLE_PREVIEWS = YES;
				GENERATE_INFOPLIST_FILE = YES;
				INFOPLIST_KEY_UIApplicationSceneManifest_Generation = YES;
				INFOPLIST_KEY_UIApplicationSupportsIndirectInputEvents = YES;
				INFOPLIST_KEY_UILaunchScreen_Generation = YES;
				INFOPLIST_KEY_UISupportedInterfaceOrientations_iPad = "UIInterfaceOrientationPortrait UIInterfaceOrientationPortraitUpsideDown UIInterfaceOrientationLandscapeLeft UIInterfaceOrientationLandscapeRight";
				INFOPLIST_KEY_UISupportedInterfaceOrientations_iPhone = "UIInterfaceOrientationPortrait UIInterfaceOrientationLandscapeLeft UIInterfaceOrientationLandscapeRight";
				LD_RUNPATH_SEARCH_PATHS = (
					"$(inherited)",
					"@executable_path/Frameworks",
				);
				MARKETING_VERSION = 1.0;
				PRODUCT_BUNDLE_IDENTIFIER = com.MicroJedi.ToDoApp;
				PRODUCT_NAME = "$(TARGET_NAME)";
				SWIFT_EMIT_LOC_STRINGS = YES;
				SWIFT_VERSION = 5.0;
				TARGETED_DEVICE_FAMILY = "1,2";
			};
			name = Release;
		};
		2998E50F2C4E58C4004146C9 /* Debug */ = {
			isa = XCBuildConfiguration;
			buildSettings = {
				ALWAYS_EMBED_SWIFT_STANDARD_LIBRARIES = YES;
				BUNDLE_LOADER = "$(TEST_HOST)";
				CODE_SIGN_STYLE = Automatic;
				CURRENT_PROJECT_VERSION = 1;
				DEVELOPMENT_TEAM = CDR47T3ZRC;
				GENERATE_INFOPLIST_FILE = YES;
				IPHONEOS_DEPLOYMENT_TARGET = 17.5;
				MARKETING_VERSION = 1.0;
				PRODUCT_BUNDLE_IDENTIFIER = com.MicroJedi.ToDoAppTests;
				PRODUCT_NAME = "$(TARGET_NAME)";
				SWIFT_EMIT_LOC_STRINGS = NO;
				SWIFT_VERSION = 5.0;
				TARGETED_DEVICE_FAMILY = "1,2";
				TEST_HOST = "$(BUILT_PRODUCTS_DIR)/ToDoApp.app/$(BUNDLE_EXECUTABLE_FOLDER_PATH)/ToDoApp";
			};
			name = Debug;
		};
		2998E5102C4E58C4004146C9 /* Release */ = {
			isa = XCBuildConfiguration;
			buildSettings = {
				ALWAYS_EMBED_SWIFT_STANDARD_LIBRARIES = YES;
				BUNDLE_LOADER = "$(TEST_HOST)";
				CODE_SIGN_STYLE = Automatic;
				CURRENT_PROJECT_VERSION = 1;
				DEVELOPMENT_TEAM = CDR47T3ZRC;
				GENERATE_INFOPLIST_FILE = YES;
				IPHONEOS_DEPLOYMENT_TARGET = 17.5;
				MARKETING_VERSION = 1.0;
				PRODUCT_BUNDLE_IDENTIFIER = com.MicroJedi.ToDoAppTests;
				PRODUCT_NAME = "$(TARGET_NAME)";
				SWIFT_EMIT_LOC_STRINGS = NO;
				SWIFT_VERSION = 5.0;
				TARGETED_DEVICE_FAMILY = "1,2";
				TEST_HOST = "$(BUILT_PRODUCTS_DIR)/ToDoApp.app/$(BUNDLE_EXECUTABLE_FOLDER_PATH)/ToDoApp";
			};
			name = Release;
		};
		2998E5122C4E58C4004146C9 /* Debug */ = {
			isa = XCBuildConfiguration;
			buildSettings = {
				ALWAYS_EMBED_SWIFT_STANDARD_LIBRARIES = YES;
				CODE_SIGN_STYLE = Automatic;
				CURRENT_PROJECT_VERSION = 1;
				DEVELOPMENT_TEAM = CDR47T3ZRC;
				GENERATE_INFOPLIST_FILE = YES;
				MARKETING_VERSION = 1.0;
				PRODUCT_BUNDLE_IDENTIFIER = com.MicroJedi.ToDoAppUITests;
				PRODUCT_NAME = "$(TARGET_NAME)";
				SWIFT_EMIT_LOC_STRINGS = NO;
				SWIFT_VERSION = 5.0;
				TARGETED_DEVICE_FAMILY = "1,2";
				TEST_TARGET_NAME = ToDoApp;
			};
			name = Debug;
		};
		2998E5132C4E58C4004146C9 /* Release */ = {
			isa = XCBuildConfiguration;
			buildSettings = {
				ALWAYS_EMBED_SWIFT_STANDARD_LIBRARIES = YES;
				CODE_SIGN_STYLE = Automatic;
				CURRENT_PROJECT_VERSION = 1;
				DEVELOPMENT_TEAM = CDR47T3ZRC;
				GENERATE_INFOPLIST_FILE = YES;
				MARKETING_VERSION = 1.0;
				PRODUCT_BUNDLE_IDENTIFIER = com.MicroJedi.ToDoAppUITests;
				PRODUCT_NAME = "$(TARGET_NAME)";
				SWIFT_EMIT_LOC_STRINGS = NO;
				SWIFT_VERSION = 5.0;
				TARGETED_DEVICE_FAMILY = "1,2";
				TEST_TARGET_NAME = ToDoApp;
			};
			name = Release;
		};
/* End XCBuildConfiguration section */

/* Begin XCConfigurationList section */
		2998E4E02C4E58C0004146C9 /* Build configuration list for PBXProject "ToDoApp" */ = {
			isa = XCConfigurationList;
			buildConfigurations = (
				2998E5092C4E58C4004146C9 /* Debug */,
				2998E50A2C4E58C4004146C9 /* Release */,
			);
			defaultConfigurationIsVisible = 0;
			defaultConfigurationName = Release;
		};
		2998E50B2C4E58C4004146C9 /* Build configuration list for PBXNativeTarget "ToDoApp" */ = {
			isa = XCConfigurationList;
			buildConfigurations = (
				2998E50C2C4E58C4004146C9 /* Debug */,
				2998E50D2C4E58C4004146C9 /* Release */,
			);
			defaultConfigurationIsVisible = 0;
			defaultConfigurationName = Release;
		};
		2998E50E2C4E58C4004146C9 /* Build configuration list for PBXNativeTarget "ToDoAppTests" */ = {
			isa = XCConfigurationList;
			buildConfigurations = (
				2998E50F2C4E58C4004146C9 /* Debug */,
				2998E5102C4E58C4004146C9 /* Release */,
			);
			defaultConfigurationIsVisible = 0;
			defaultConfigurationName = Release;
		};
		2998E5112C4E58C4004146C9 /* Build configuration list for PBXNativeTarget "ToDoAppUITests" */ = {
			isa = XCConfigurationList;
			buildConfigurations = (
				2998E5122C4E58C4004146C9 /* Debug */,
				2998E5132C4E58C4004146C9 /* Release */,
			);
			defaultConfigurationIsVisible = 0;
			defaultConfigurationName = Release;
		};
/* End XCConfigurationList section */
	};
	rootObject = 2998E4DD2C4E58C0004146C9 /* Project object */;
}
